
Microsoft Visual Studio Solution File, Format Version 12.00
# Visual Studio Version 16
VisualStudioVersion = 16.0.31911.196
MinimumVisualStudioVersion = 10.0.40219.1
Project("{FAE04EC0-301F-11D3-BF4B-00C04F79EFBC}") = "To-Do", "To-Do\To-Do.csproj", "{AF208F6B-5D94-401E-AA20-CA29CF5E1164}"
EndProject
Global
	GlobalSection(SolutionConfigurationPlatforms) = preSolution
		Debug|Any CPU = Debug|Any CPU
		Release|Any CPU = Release|Any CPU
	EndGlobalSection
	GlobalSection(ProjectConfigurationPlatforms) = postSolution
		{AF208F6B-5D94-401E-AA20-CA29CF5E1164}.Debug|Any CPU.ActiveCfg = Debug|Any CPU
		{AF208F6B-5D94-401E-AA20-CA29CF5E1164}.Debug|Any CPU.Build.0 = Debug|Any CPU
		{AF208F6B-5D94-401E-AA20-CA29CF5E1164}.Release|Any CPU.ActiveCfg = Release|Any CPU
		{AF208F6B-5D94-401E-AA20-CA29CF5E1164}.Release|Any CPU.Build.0 = Release|Any CPU
	EndGlobalSection
	GlobalSection(SolutionProperties) = preSolution
		HideSolutionNode = FALSE
	EndGlobalSection
	GlobalSection(ExtensibilityGlobals) = postSolution
		SolutionGuid = {349CE233-FFA0-4338-A4FD-1CEFC4E5F4C1}
	EndGlobalSection
EndGlobal
